
Microsoft Visual Studio Solution File, Format Version 12.00
# Visual Studio Version 17
VisualStudioVersion = 17.11.35327.3
MinimumVisualStudioVersion = 10.0.40219.1
Project("{FAE04EC0-301F-11D3-BF4B-00C04F79EFBC}") = "ConsoleTextRPG", "ConsoleTextRPG\ConsoleTextRPG.csproj", "{A8B045DC-CD2D-4F3B-A2C9-22E2A29BC7E5}"
EndProject
Global
	GlobalSection(SolutionConfigurationPlatforms) = preSolution
		Debug|Any CPU = Debug|Any CPU
		Release|Any CPU = Release|Any CPU
	EndGlobalSection
	GlobalSection(ProjectConfigurationPlatforms) = postSolution
		{A8B045DC-CD2D-4F3B-A2C9-22E2A29BC7E5}.Debug|Any CPU.ActiveCfg = Debug|Any CPU
		{A8B045DC-CD2D-4F3B-A2C9-22E2A29BC7E5}.Debug|Any CPU.Build.0 = Debug|Any CPU
		{A8B045DC-CD2D-4F3B-A2C9-22E2A29BC7E5}.Release|Any CPU.ActiveCfg = Release|Any CPU
		{A8B045DC-CD2D-4F3B-A2C9-22E2A29BC7E5}.Release|Any CPU.Build.0 = Release|Any CPU
	EndGlobalSection
	GlobalSection(SolutionProperties) = preSolution
		HideSolutionNode = FALSE
	EndGlobalSection
	GlobalSection(ExtensibilityGlobals) = postSolution
		SolutionGuid = {DC4A5CD5-3F68-4CB9-87B6-01E37C07C785}
	EndGlobalSection
EndGlobal
